
Microsoft Visual Studio Solution File, Format Version 12.00
# Visual Studio Version 16
VisualStudioVersion = 16.0.30225.117
MinimumVisualStudioVersion = 10.0.40219.1
Project("{FAE04EC0-301F-11D3-BF4B-00C04F79EFBC}") = "ConsoleApp32", "ConsoleApp32\ConsoleApp32.csproj", "{3E75E688-B4F7-4592-BD9E-6A395108C713}"
EndProject
Global
	GlobalSection(SolutionConfigurationPlatforms) = preSolution
		Debug|Any CPU = Debug|Any CPU
		Release|Any CPU = Release|Any CPU
	EndGlobalSection
	GlobalSection(ProjectConfigurationPlatforms) = postSolution
		{3E75E688-B4F7-4592-BD9E-6A395108C713}.Debug|Any CPU.ActiveCfg = Debug|Any CPU
		{3E75E688-B4F7-4592-BD9E-6A395108C713}.Debug|Any CPU.Build.0 = Debug|Any CPU
		{3E75E688-B4F7-4592-BD9E-6A395108C713}.Release|Any CPU.ActiveCfg = Release|Any CPU
		{3E75E688-B4F7-4592-BD9E-6A395108C713}.Release|Any CPU.Build.0 = Release|Any CPU
	EndGlobalSection
	GlobalSection(SolutionProperties) = preSolution
		HideSolutionNode = FALSE
	EndGlobalSection
	GlobalSection(ExtensibilityGlobals) = postSolution
		SolutionGuid = {251BF692-2FAF-4EBE-AE9C-5C85FD7BED77}
	EndGlobalSection
EndGlobal
